
Microsoft Visual Studio Solution File, Format Version 12.00
# Visual Studio Version 17
VisualStudioVersion = 17.7.34031.279
MinimumVisualStudioVersion = 10.0.40219.1
Project("{9A19103F-16F7-4668-BE54-9A1E7A4F7556}") = "IEnumerableAndIComparable", "IEnumerableAndIComparable\IEnumerableAndIComparable.csproj", "{377D4D43-245E-4527-9ADD-D0E9D088702E}"
EndProject
Global
	GlobalSection(SolutionConfigurationPlatforms) = preSolution
		Debug|Any CPU = Debug|Any CPU
		Release|Any CPU = Release|Any CPU
	EndGlobalSection
	GlobalSection(ProjectConfigurationPlatforms) = postSolution
		{377D4D43-245E-4527-9ADD-D0E9D088702E}.Debug|Any CPU.ActiveCfg = Debug|Any CPU
		{377D4D43-245E-4527-9ADD-D0E9D088702E}.Debug|Any CPU.Build.0 = Debug|Any CPU
		{377D4D43-245E-4527-9ADD-D0E9D088702E}.Release|Any CPU.ActiveCfg = Release|Any CPU
		{377D4D43-245E-4527-9ADD-D0E9D088702E}.Release|Any CPU.Build.0 = Release|Any CPU
	EndGlobalSection
	GlobalSection(SolutionProperties) = preSolution
		HideSolutionNode = FALSE
	EndGlobalSection
	GlobalSection(ExtensibilityGlobals) = postSolution
		SolutionGuid = {84174D82-4779-4B5C-B5E1-FF649EA281DD}
	EndGlobalSection
EndGlobal
