
Microsoft Visual Studio Solution File, Format Version 12.00
# Visual Studio Version 17
VisualStudioVersion = 17.8.34330.188
MinimumVisualStudioVersion = 10.0.40219.1
Project("{FAE04EC0-301F-11D3-BF4B-00C04F79EFBC}") = "SqlQueries", "SqlQueries\SqlQueries.csproj", "{EB827337-ED1A-4569-9DE8-EE60EACD765F}"
EndProject
Project("{FAE04EC0-301F-11D3-BF4B-00C04F79EFBC}") = "InsertMinionsAndVillains", "InsertMinionsAndVillains\InsertMinionsAndVillains.csproj", "{A7C4D9AC-C891-4863-B294-A1745C2F72CC}"
EndProject
Global
	GlobalSection(SolutionConfigurationPlatforms) = preSolution
		Debug|Any CPU = Debug|Any CPU
		Release|Any CPU = Release|Any CPU
	EndGlobalSection
	GlobalSection(ProjectConfigurationPlatforms) = postSolution
		{EB827337-ED1A-4569-9DE8-EE60EACD765F}.Debug|Any CPU.ActiveCfg = Debug|Any CPU
		{EB827337-ED1A-4569-9DE8-EE60EACD765F}.Debug|Any CPU.Build.0 = Debug|Any CPU
		{EB827337-ED1A-4569-9DE8-EE60EACD765F}.Release|Any CPU.ActiveCfg = Release|Any CPU
		{EB827337-ED1A-4569-9DE8-EE60EACD765F}.Release|Any CPU.Build.0 = Release|Any CPU
		{A7C4D9AC-C891-4863-B294-A1745C2F72CC}.Debug|Any CPU.ActiveCfg = Debug|Any CPU
		{A7C4D9AC-C891-4863-B294-A1745C2F72CC}.Debug|Any CPU.Build.0 = Debug|Any CPU
		{A7C4D9AC-C891-4863-B294-A1745C2F72CC}.Release|Any CPU.ActiveCfg = Release|Any CPU
		{A7C4D9AC-C891-4863-B294-A1745C2F72CC}.Release|Any CPU.Build.0 = Release|Any CPU
	EndGlobalSection
	GlobalSection(SolutionProperties) = preSolution
		HideSolutionNode = FALSE
	EndGlobalSection
	GlobalSection(ExtensibilityGlobals) = postSolution
		SolutionGuid = {FB5D0B4E-00E8-4EA2-A6B6-C1FB2EBE1D27}
	EndGlobalSection
EndGlobal
