
Microsoft Visual Studio Solution File, Format Version 12.00
# Visual Studio Version 17
VisualStudioVersion = 17.7.34031.279
MinimumVisualStudioVersion = 10.0.40219.1
Project("{FAE04EC0-301F-11D3-BF4B-00C04F79EFBC}") = "Person", "Person\Person.csproj", "{31610E88-ED2E-4F30-A0E9-6CE85B8A881D}"
EndProject
Project("{FAE04EC0-301F-11D3-BF4B-00C04F79EFBC}") = "Static", "Static\Static.csproj", "{C4AD00B6-BCC6-4989-8FC1-3FC37C8572B3}"
EndProject
Global
	GlobalSection(SolutionConfigurationPlatforms) = preSolution
		Debug|Any CPU = Debug|Any CPU
		Release|Any CPU = Release|Any CPU
	EndGlobalSection
	GlobalSection(ProjectConfigurationPlatforms) = postSolution
		{31610E88-ED2E-4F30-A0E9-6CE85B8A881D}.Debug|Any CPU.ActiveCfg = Debug|Any CPU
		{31610E88-ED2E-4F30-A0E9-6CE85B8A881D}.Debug|Any CPU.Build.0 = Debug|Any CPU
		{31610E88-ED2E-4F30-A0E9-6CE85B8A881D}.Release|Any CPU.ActiveCfg = Release|Any CPU
		{31610E88-ED2E-4F30-A0E9-6CE85B8A881D}.Release|Any CPU.Build.0 = Release|Any CPU
		{C4AD00B6-BCC6-4989-8FC1-3FC37C8572B3}.Debug|Any CPU.ActiveCfg = Debug|Any CPU
		{C4AD00B6-BCC6-4989-8FC1-3FC37C8572B3}.Debug|Any CPU.Build.0 = Debug|Any CPU
		{C4AD00B6-BCC6-4989-8FC1-3FC37C8572B3}.Release|Any CPU.ActiveCfg = Release|Any CPU
		{C4AD00B6-BCC6-4989-8FC1-3FC37C8572B3}.Release|Any CPU.Build.0 = Release|Any CPU
	EndGlobalSection
	GlobalSection(SolutionProperties) = preSolution
		HideSolutionNode = FALSE
	EndGlobalSection
	GlobalSection(ExtensibilityGlobals) = postSolution
		SolutionGuid = {FD2FF634-80E7-4270-89AF-5001F914B75F}
	EndGlobalSection
EndGlobal
